
Microsoft Visual Studio Solution File, Format Version 12.00
# Visual Studio Version 17
VisualStudioVersion = 17.11.35303.130
MinimumVisualStudioVersion = 10.0.40219.1
Project("{FAE04EC0-301F-11D3-BF4B-00C04F79EFBC}") = "golf-handicap-history.Server", "golf-handicap-history.Server\golf-handicap-history.Server.csproj", "{0D52ADE3-8D6F-4DDF-A81D-5AAA5A6A5342}"
EndProject
Project("{54A90642-561A-4BB1-A94E-469ADEE60C69}") = "golf-handicap-history.client", "golf-handicap-history.client\golf-handicap-history.client.esproj", "{F1A360A7-322F-4DA3-85FA-FB4B56523855}"
EndProject
Global
	GlobalSection(SolutionConfigurationPlatforms) = preSolution
		Debug|Any CPU = Debug|Any CPU
		Release|Any CPU = Release|Any CPU
	EndGlobalSection
	GlobalSection(ProjectConfigurationPlatforms) = postSolution
		{0D52ADE3-8D6F-4DDF-A81D-5AAA5A6A5342}.Debug|Any CPU.ActiveCfg = Debug|Any CPU
		{0D52ADE3-8D6F-4DDF-A81D-5AAA5A6A5342}.Debug|Any CPU.Build.0 = Debug|Any CPU
		{0D52ADE3-8D6F-4DDF-A81D-5AAA5A6A5342}.Release|Any CPU.ActiveCfg = Release|Any CPU
		{0D52ADE3-8D6F-4DDF-A81D-5AAA5A6A5342}.Release|Any CPU.Build.0 = Release|Any CPU
		{F1A360A7-322F-4DA3-85FA-FB4B56523855}.Debug|Any CPU.ActiveCfg = Debug|Any CPU
		{F1A360A7-322F-4DA3-85FA-FB4B56523855}.Debug|Any CPU.Build.0 = Debug|Any CPU
		{F1A360A7-322F-4DA3-85FA-FB4B56523855}.Debug|Any CPU.Deploy.0 = Debug|Any CPU
		{F1A360A7-322F-4DA3-85FA-FB4B56523855}.Release|Any CPU.ActiveCfg = Release|Any CPU
		{F1A360A7-322F-4DA3-85FA-FB4B56523855}.Release|Any CPU.Build.0 = Release|Any CPU
		{F1A360A7-322F-4DA3-85FA-FB4B56523855}.Release|Any CPU.Deploy.0 = Release|Any CPU
	EndGlobalSection
	GlobalSection(SolutionProperties) = preSolution
		HideSolutionNode = FALSE
	EndGlobalSection
	GlobalSection(ExtensibilityGlobals) = postSolution
		SolutionGuid = {CAD65FDF-A5FC-4C68-A08F-62A9F60482B9}
	EndGlobalSection
EndGlobal
